
Microsoft Visual Studio Solution File, Format Version 12.00
# Visual Studio Version 16
VisualStudioVersion = 16.0.30204.135
MinimumVisualStudioVersion = 10.0.40219.1
Project("{FAE04EC0-301F-11D3-BF4B-00C04F79EFBC}") = "ListaDeTareas.Android", "ListaDeTareas\ListaDeTareas.Android\ListaDeTareas.Android.csproj", "{2D44C7C7-85BC-477C-BCE7-1177361D6495}"
EndProject
Project("{FAE04EC0-301F-11D3-BF4B-00C04F79EFBC}") = "ListaDeTareas", "ListaDeTareas\ListaDeTareas\ListaDeTareas.csproj", "{A5688479-4610-439D-99EC-352A7C01B060}"
EndProject
Global
	GlobalSection(SolutionConfigurationPlatforms) = preSolution
		Debug|Any CPU = Debug|Any CPU
		Release|Any CPU = Release|Any CPU
	EndGlobalSection
	GlobalSection(ProjectConfigurationPlatforms) = postSolution
		{2D44C7C7-85BC-477C-BCE7-1177361D6495}.Debug|Any CPU.ActiveCfg = Debug|Any CPU
		{2D44C7C7-85BC-477C-BCE7-1177361D6495}.Debug|Any CPU.Build.0 = Debug|Any CPU
		{2D44C7C7-85BC-477C-BCE7-1177361D6495}.Debug|Any CPU.Deploy.0 = Debug|Any CPU
		{2D44C7C7-85BC-477C-BCE7-1177361D6495}.Release|Any CPU.ActiveCfg = Release|Any CPU
		{2D44C7C7-85BC-477C-BCE7-1177361D6495}.Release|Any CPU.Build.0 = Release|Any CPU
		{2D44C7C7-85BC-477C-BCE7-1177361D6495}.Release|Any CPU.Deploy.0 = Release|Any CPU
		{A5688479-4610-439D-99EC-352A7C01B060}.Debug|Any CPU.ActiveCfg = Debug|Any CPU
		{A5688479-4610-439D-99EC-352A7C01B060}.Debug|Any CPU.Build.0 = Debug|Any CPU
		{A5688479-4610-439D-99EC-352A7C01B060}.Debug|Any CPU.Deploy.0 = Debug|Any CPU
		{A5688479-4610-439D-99EC-352A7C01B060}.Release|Any CPU.ActiveCfg = Release|Any CPU
		{A5688479-4610-439D-99EC-352A7C01B060}.Release|Any CPU.Build.0 = Release|Any CPU
		{A5688479-4610-439D-99EC-352A7C01B060}.Release|Any CPU.Deploy.0 = Release|Any CPU
	EndGlobalSection
	GlobalSection(SolutionProperties) = preSolution
		HideSolutionNode = FALSE
	EndGlobalSection
	GlobalSection(ExtensibilityGlobals) = postSolution
		SolutionGuid = {CA3054C5-C610-42D2-931B-F5940E1B988D}
	EndGlobalSection
EndGlobal
